<?xml version="1.0" encoding="utf-8"?>
<Project ToolsVersion="4.0" xmlns="http://schemas.microsoft.com/developer/msbuild/2003">
  <ItemGroup>
    <ClCompile Include="Src\BRQ\Logger\ConsoleSink.cpp" />
    <ClCompile Include="Src\BRQ\Logger\FileSink.cpp" />
    <ClCompile Include="Src\BRQ\Logger\Formatter.cpp" />
    <ClCompile Include="Src\BRQ\Logger\Log.cpp" />
    <ClCompile Include="Src\BRQ\Logger\Logger.cpp" />
    <ClCompile Include="Src\BRQ\BRQ.cpp" />
    <ClCompile Include="Src\BRQ\Application\Input.cpp" />
    <ClCompile Include="Src\BRQ\Utilities\FileSystem.cpp" />
    <ClCompile Include="Src\BRQ\Graphics\Renderer.cpp" />
    <ClCompile Include="Src\BRQ\Graphics\Mesh.cpp" />
    <ClCompile Include="Src\BRQ\Utilities\VulkanMemoryAllocator.cpp" />
    <ClCompile Include="Src\BRQ\Platform\Vulkan\RenderContext.cpp" />
    <ClCompile Include="Src\BRQ\Application\Application.cpp" />
    <ClCompile Include="Src\BRQ\Camera\Camera.cpp" />
    <ClCompile Include="Src\BRQ\Camera\CameraController.cpp" />
    <ClCompile Include="Src\BRQ\Utilities\Timer.cpp" />
    <ClCompile Include="Src\BRQ\Graphics\Skybox.cpp" />
    <ClCompile Include="Src\BRQ\Platform\Vulkan\VulkanDevice.cpp" />
    <ClCompile Include="Src\BRQ\Platform\Vulkan\VulkanSwapchain.cpp" />
    <ClCompile Include="Src\BRQ\Graphics\BufferLayout.cpp" />
    <ClCompile Include="Src\BRQ\Graphics\GraphicsPipeline.cpp" />
    <ClCompile Include="Src\BRQ\Platform\Vulkan\VulkanHelpers.cpp" />
    <ClCompile Include="Src\BRQ\Application\Window.cpp" />
    <ClCompile Include="Src\BRQ\Graphics\Texture.cpp" />
    <ClCompile Include="Src\BRQ\Graphics\Material.cpp" />
    <ClCompile Include="ThirdParty\SPIRV-Cross\include\SPIR-V-Cross\spirv_cfg.cpp" />
    <ClCompile Include="ThirdParty\SPIRV-Cross\include\SPIR-V-Cross\spirv_cpp.cpp" />
    <ClCompile Include="ThirdParty\SPIRV-Cross\include\SPIR-V-Cross\spirv_cross.cpp" />
    <ClCompile Include="ThirdParty\SPIRV-Cross\include\SPIR-V-Cross\spirv_cross_c.cpp" />
    <ClCompile Include="ThirdParty\SPIRV-Cross\include\SPIR-V-Cross\spirv_cross_parsed_ir.cpp" />
    <ClCompile Include="ThirdParty\SPIRV-Cross\include\SPIR-V-Cross\spirv_cross_util.cpp" />
    <ClCompile Include="ThirdParty\SPIRV-Cross\include\SPIR-V-Cross\spirv_glsl.cpp" />
    <ClCompile Include="ThirdParty\SPIRV-Cross\include\SPIR-V-Cross\spirv_hlsl.cpp" />
    <ClCompile Include="ThirdParty\SPIRV-Cross\include\SPIR-V-Cross\spirv_msl.cpp" />
    <ClCompile Include="ThirdParty\SPIRV-Cross\include\SPIR-V-Cross\spirv_parser.cpp" />
    <ClCompile Include="ThirdParty\SPIRV-Cross\include\SPIR-V-Cross\spirv_reflect.cpp" />
  </ItemGroup>
  <ItemGroup>
    <ClInclude Include="Src\BRQ\Application\Window.h" />
    <ClInclude Include="Src\BRQ\Core\Base.h" />
    <ClInclude Include="Src\BRQ\Logger\ConsoleSink.h" />
    <ClInclude Include="Src\BRQ\Logger\FileSink.h" />
    <ClInclude Include="Src\BRQ\Logger\Formatter.h" />
    <ClInclude Include="Src\BRQ\Logger\FormatterUtility.h" />
    <ClInclude Include="Src\BRQ\Logger\Log.h" />
    <ClInclude Include="Src\BRQ\Logger\Logger.h" />
    <ClInclude Include="Src\BRQ\Platform\Platform.h" />
    <ClInclude Include="Src\BRQ\Utilities\Types.h" />
    <ClInclude Include="Src\BRQ\BRQ.h" />
    <ClInclude Include="Src\BRQ\Events\Event.h" />
    <ClInclude Include="Src\BRQ\Application\Keys.h" />
    <ClInclude Include="Src\BRQ\Application\Input.h" />
    <ClInclude Include="Src\BRQ\Events\KeyEvent.h" />
    <ClInclude Include="Src\BRQ\Events\MouseEvent.h" />
    <ClInclude Include="Src\BRQ\Utilities\FileSystem.h" />
    <ClInclude Include="Src\BRQ\Graphics\Renderer.h" />
    <ClInclude Include="Src\BRQ\Events\WindowEvents.h" />
    <ClInclude Include="ThirdParty\TinyObjLoader\include\tiny_obj_loader.h" />
    <ClInclude Include="Src\BRQ\Graphics\Mesh.h" />
    <ClInclude Include="ThirdParty\meshoptimizer\include\meshoptimizer.h" />
    <ClInclude Include="ThirdParty\VulkanMemoryAllocator\include\vk_mem_alloc.h" />
    <ClInclude Include="Src\BRQ\Utilities\VulkanMemoryAllocator.h" />
    <ClInclude Include="Src\BRQ\Platform\Vulkan\RenderContext.h" />
    <ClInclude Include="Src\BRQ\Application\Application.h" />
    <ClInclude Include="Src\Engine.h" />
    <ClInclude Include="Src\BRQ\Application\EntryPoint.h" />
    <ClInclude Include="Src\BRQ\Math\Math.h" />
    <ClInclude Include="Src\BRQ\Camera\Camera.h" />
    <ClInclude Include="Src\BRQ\Camera\CameraController.h" />
    <ClInclude Include="Src\BRQ\Utilities\Timer.h" />
    <ClInclude Include="Src\BRQ\Graphics\Skybox.h" />
    <ClInclude Include="Src\BRQ\Platform\Vulkan\VulkanDevice.h" />
    <ClInclude Include="Src\BRQ\Platform\Vulkan\VulkanSwapchain.h" />
    <ClInclude Include="Src\BRQ\Graphics\GraphicsPipeline.h" />
    <ClInclude Include="Src\BRQ\Graphics\BufferLayout.h" />
    <ClInclude Include="Src\BRQ\Platform\Vulkan\VulkanHelpers.h" />
    <ClInclude Include="Src\BRQ\Platform\Vulkan\VulkanCommon.h" />
    <ClInclude Include="Src\BRQ\Platform\Vulkan\VulkanCommands.h" />
    <ClInclude Include="Src\BRQ\Graphics\Texture.h" />
    <ClInclude Include="Src\BRQ\Graphics\Material.h" />
    <ClInclude Include="ThirdParty\SPIRV-Cross\include\SPIR-V-Cross\GLSL.std.450.h" />
    <ClInclude Include="ThirdParty\SPIRV-Cross\include\SPIR-V-Cross\spirv.h" />
    <ClInclude Include="ThirdParty\SPIRV-Cross\include\SPIR-V-Cross\spirv.hpp" />
    <ClInclude Include="ThirdParty\SPIRV-Cross\include\SPIR-V-Cross\spirv_cfg.hpp" />
    <ClInclude Include="ThirdParty\SPIRV-Cross\include\SPIR-V-Cross\spirv_common.hpp" />
    <ClInclude Include="ThirdParty\SPIRV-Cross\include\SPIR-V-Cross\spirv_cpp.hpp" />
    <ClInclude Include="ThirdParty\SPIRV-Cross\include\SPIR-V-Cross\spirv_cross.hpp" />
    <ClInclude Include="ThirdParty\SPIRV-Cross\include\SPIR-V-Cross\spirv_cross_c.h" />
    <ClInclude Include="ThirdParty\SPIRV-Cross\include\SPIR-V-Cross\spirv_cross_containers.hpp" />
    <ClInclude Include="ThirdParty\SPIRV-Cross\include\SPIR-V-Cross\spirv_cross_error_handling.hpp" />
    <ClInclude Include="ThirdParty\SPIRV-Cross\include\SPIR-V-Cross\spirv_cross_parsed_ir.hpp" />
    <ClInclude Include="ThirdParty\SPIRV-Cross\include\SPIR-V-Cross\spirv_cross_util.hpp" />
    <ClInclude Include="ThirdParty\SPIRV-Cross\include\SPIR-V-Cross\spirv_glsl.hpp" />
    <ClInclude Include="ThirdParty\SPIRV-Cross\include\SPIR-V-Cross\spirv_hlsl.hpp" />
    <ClInclude Include="ThirdParty\SPIRV-Cross\include\SPIR-V-Cross\spirv_msl.hpp" />
    <ClInclude Include="ThirdParty\SPIRV-Cross\include\SPIR-V-Cross\spirv_parser.hpp" />
    <ClInclude Include="ThirdParty\SPIRV-Cross\include\SPIR-V-Cross\spirv_reflect.hpp" />
  </ItemGroup>
  <ItemGroup>
    <None Include="Src\Shaders\ShaderCompilerScript.bat" />
    <None Include="Src\Shaders\shader.vert" />
    <None Include="Src\Shaders\shader.frag" />
  </ItemGroup>
  <ItemGroup>
    <Library Include="ThirdParty\meshoptimizer\lib\meshoptimizer.lib" />
  </ItemGroup>
</Project>